
Microsoft Visual Studio Solution File, Format Version 12.00
# Visual Studio Version 17
VisualStudioVersion = 17.5.33424.131
MinimumVisualStudioVersion = 10.0.40219.1
Project("{FAE04EC0-301F-11D3-BF4B-00C04F79EFBC}") = "GFXserver", "GFXserver\GFXserver.csproj", "{11D72AAA-65DD-443D-8E94-8A19EE379444}"
EndProject
Global
	GlobalSection(SolutionConfigurationPlatforms) = preSolution
		Debug|Any CPU = Debug|Any CPU
		Release|Any CPU = Release|Any CPU
	EndGlobalSection
	GlobalSection(ProjectConfigurationPlatforms) = postSolution
		{11D72AAA-65DD-443D-8E94-8A19EE379444}.Debug|Any CPU.ActiveCfg = Debug|Any CPU
		{11D72AAA-65DD-443D-8E94-8A19EE379444}.Debug|Any CPU.Build.0 = Debug|Any CPU
		{11D72AAA-65DD-443D-8E94-8A19EE379444}.Release|Any CPU.ActiveCfg = Release|Any CPU
		{11D72AAA-65DD-443D-8E94-8A19EE379444}.Release|Any CPU.Build.0 = Release|Any CPU
	EndGlobalSection
	GlobalSection(SolutionProperties) = preSolution
		HideSolutionNode = FALSE
	EndGlobalSection
	GlobalSection(ExtensibilityGlobals) = postSolution
		SolutionGuid = {06A96F8D-763A-4A97-92DE-A67531954F04}
	EndGlobalSection
EndGlobal
